// !$*UTF8*$!
{
	archiveVersion = 1;
	classes = {
	};
	objectVersion = 46;
	objects = {

/* Begin PBXBuildFile section */
		FA6E46C31879045800401921 /* CoreFoundation.framework in Frameworks */ = {isa = PBXBuildFile; fileRef = FA6E46C21879045800401921 /* CoreFoundation.framework */; };
		FA6E46C91879045800401921 /* InfoPlist.strings in Resources */ = {isa = PBXBuildFile; fileRef = FA6E46C71879045800401921 /* InfoPlist.strings */; };
		FA6E46D0187905E800401921 /* OpenViewController.m in Sources */ = {isa = PBXBuildFile; fileRef = FA6E46CF187905E800401921 /* OpenViewController.m */; };
		FA6E46D41879062000401921 /* PrivateViewController.m in Sources */ = {isa = PBXBuildFile; fileRef = FA6E46D31879062000401921 /* PrivateViewController.m */; };
		FA6E46D61879076D00401921 /* OpenViewController.h in Headers */ = {isa = PBXBuildFile; fileRef = FA6E46CE187905E800401921 /* OpenViewController.h */; settings = {ATTRIBUTES = (Public, ); }; };
		FAF4645B1879307000C41A9B /* SMPageControl.h in Headers */ = {isa = PBXBuildFile; fileRef = FAF464591879307000C41A9B /* SMPageControl.h */; settings = {ATTRIBUTES = (Public, ); }; };
		FAF4645C1879307000C41A9B /* SMPageControl.m in Sources */ = {isa = PBXBuildFile; fileRef = FAF4645A1879307000C41A9B /* SMPageControl.m */; };
		FAF4647A1879358700C41A9B /* EAIntroPage.h in Headers */ = {isa = PBXBuildFile; fileRef = FAF464781879358700C41A9B /* EAIntroPage.h */; settings = {ATTRIBUTES = (Public, ); }; };
		FAF4647B1879358700C41A9B /* EAIntroPage.m in Sources */ = {isa = PBXBuildFile; fileRef = FAF464791879358700C41A9B /* EAIntroPage.m */; };
		FAF4647E187935CB00C41A9B /* EAIntroView.h in Headers */ = {isa = PBXBuildFile; fileRef = FAF4647C187935CB00C41A9B /* EAIntroView.h */; settings = {ATTRIBUTES = (Public, ); }; };
		FAF4647F187935CB00C41A9B /* EAIntroView.m in Sources */ = {isa = PBXBuildFile; fileRef = FAF4647D187935CB00C41A9B /* EAIntroView.m */; };
		FAF464821879361800C41A9B /* PageSubclass.h in Headers */ = {isa = PBXBuildFile; fileRef = FAF464801879361800C41A9B /* PageSubclass.h */; settings = {ATTRIBUTES = (Public, ); }; };
		FAF464831879361800C41A9B /* PageSubclass.m in Sources */ = {isa = PBXBuildFile; fileRef = FAF464811879361800C41A9B /* PageSubclass.m */; };
/* End PBXBuildFile section */

/* Begin PBXFileReference section */
		FA6E4697187903BC00401921 /* Foundation.framework */ = {isa = PBXFileReference; lastKnownFileType = wrapper.framework; name = Foundation.framework; path = System/Library/Frameworks/Foundation.framework; sourceTree = SDKROOT; };
		FA6E46A5187903BC00401921 /* XCTest.framework */ = {isa = PBXFileReference; lastKnownFileType = wrapper.framework; name = XCTest.framework; path = Library/Frameworks/XCTest.framework; sourceTree = DEVELOPER_DIR; };
		FA6E46A8187903BC00401921 /* UIKit.framework */ = {isa = PBXFileReference; lastKnownFileType = wrapper.framework; name = UIKit.framework; path = Library/Frameworks/UIKit.framework; sourceTree = DEVELOPER_DIR; };
		FA6E46C11879045800401921 /* EAIntroView.framework */ = {isa = PBXFileReference; explicitFileType = wrapper.cfbundle; includeInIndex = 0; path = EAIntroView.framework; sourceTree = BUILT_PRODUCTS_DIR; };
		FA6E46C21879045800401921 /* CoreFoundation.framework */ = {isa = PBXFileReference; lastKnownFileType = wrapper.framework; name = CoreFoundation.framework; path = System/Library/Frameworks/CoreFoundation.framework; sourceTree = SDKROOT; };
		FA6E46C61879045800401921 /* EAIntroView-Info.plist */ = {isa = PBXFileReference; lastKnownFileType = text.plist.xml; path = "EAIntroView-Info.plist"; sourceTree = "<group>"; };
		FA6E46C81879045800401921 /* en */ = {isa = PBXFileReference; lastKnownFileType = text.plist.strings; name = en; path = en.lproj/InfoPlist.strings; sourceTree = "<group>"; };
		FA6E46CA1879045800401921 /* EAIntroView-Prefix.pch */ = {isa = PBXFileReference; lastKnownFileType = sourcecode.c.h; path = "EAIntroView-Prefix.pch"; sourceTree = "<group>"; };
		FA6E46CE187905E800401921 /* OpenViewController.h */ = {isa = PBXFileReference; fileEncoding = 4; lastKnownFileType = sourcecode.c.h; name = OpenViewController.h; path = Classes/OpenViewController.h; sourceTree = "<group>"; };
		FA6E46CF187905E800401921 /* OpenViewController.m */ = {isa = PBXFileReference; fileEncoding = 4; lastKnownFileType = sourcecode.c.objc; name = OpenViewController.m; path = Classes/OpenViewController.m; sourceTree = "<group>"; };
		FA6E46D21879062000401921 /* PrivateViewController.h */ = {isa = PBXFileReference; fileEncoding = 4; lastKnownFileType = sourcecode.c.h; name = PrivateViewController.h; path = Classes/PrivateViewController.h; sourceTree = "<group>"; };
		FA6E46D31879062000401921 /* PrivateViewController.m */ = {isa = PBXFileReference; fileEncoding = 4; lastKnownFileType = sourcecode.c.objc; name = PrivateViewController.m; path = Classes/PrivateViewController.m; sourceTree = "<group>"; };
		FAF464591879307000C41A9B /* SMPageControl.h */ = {isa = PBXFileReference; fileEncoding = 4; lastKnownFileType = sourcecode.c.h; name = SMPageControl.h; path = Classes/Libs/SMPageControl/SMPageControl.h; sourceTree = "<group>"; };
		FAF4645A1879307000C41A9B /* SMPageControl.m */ = {isa = PBXFileReference; fileEncoding = 4; lastKnownFileType = sourcecode.c.objc; name = SMPageControl.m; path = Classes/Libs/SMPageControl/SMPageControl.m; sourceTree = "<group>"; };
		FAF464781879358700C41A9B /* EAIntroPage.h */ = {isa = PBXFileReference; fileEncoding = 4; lastKnownFileType = sourcecode.c.h; path = EAIntroPage.h; sourceTree = "<group>"; };
		FAF464791879358700C41A9B /* EAIntroPage.m */ = {isa = PBXFileReference; fileEncoding = 4; lastKnownFileType = sourcecode.c.objc; path = EAIntroPage.m; sourceTree = "<group>"; };
		FAF4647C187935CB00C41A9B /* EAIntroView.h */ = {isa = PBXFileReference; fileEncoding = 4; lastKnownFileType = sourcecode.c.h; path = EAIntroView.h; sourceTree = "<group>"; };
		FAF4647D187935CB00C41A9B /* EAIntroView.m */ = {isa = PBXFileReference; fileEncoding = 4; lastKnownFileType = sourcecode.c.objc; path = EAIntroView.m; sourceTree = "<group>"; };
		FAF464801879361800C41A9B /* PageSubclass.h */ = {isa = PBXFileReference; fileEncoding = 4; lastKnownFileType = sourcecode.c.h; name = PageSubclass.h; path = Classes/PageSubclass.h; sourceTree = "<group>"; };
		FAF464811879361800C41A9B /* PageSubclass.m */ = {isa = PBXFileReference; fileEncoding = 4; lastKnownFileType = sourcecode.c.objc; name = PageSubclass.m; path = Classes/PageSubclass.m; sourceTree = "<group>"; };
/* End PBXFileReference section */

/* Begin PBXFrameworksBuildPhase section */
		FA6E46BE1879045800401921 /* Frameworks */ = {
			isa = PBXFrameworksBuildPhase;
			buildActionMask = 2147483647;
			files = (
				FA6E46C31879045800401921 /* CoreFoundation.framework in Frameworks */,
			);
			runOnlyForDeploymentPostprocessing = 0;
		};
/* End PBXFrameworksBuildPhase section */

/* Begin PBXGroup section */
		FA6E468B187903BC00401921 = {
			isa = PBXGroup;
			children = (
				FA6E46C41879045800401921 /* EAIntroView */,
				FA6E4696187903BC00401921 /* Frameworks */,
				FA6E4695187903BC00401921 /* Products */,
			);
			sourceTree = "<group>";
		};
		FA6E4695187903BC00401921 /* Products */ = {
			isa = PBXGroup;
			children = (
				FA6E46C11879045800401921 /* EAIntroView.framework */,
			);
			name = Products;
			sourceTree = "<group>";
		};
		FA6E4696187903BC00401921 /* Frameworks */ = {
			isa = PBXGroup;
			children = (
				FA6E4697187903BC00401921 /* Foundation.framework */,
				FA6E46A5187903BC00401921 /* XCTest.framework */,
				FA6E46A8187903BC00401921 /* UIKit.framework */,
				FA6E46C21879045800401921 /* CoreFoundation.framework */,
			);
			name = Frameworks;
			sourceTree = "<group>";
		};
		FA6E46C41879045800401921 /* EAIntroView */ = {
			isa = PBXGroup;
			children = (
				FA6E46D1187905F700401921 /* Classes */,
				FA6E46C51879045800401921 /* Supporting Files */,
				FAF464781879358700C41A9B /* EAIntroPage.h */,
				FAF464791879358700C41A9B /* EAIntroPage.m */,
				FAF4647C187935CB00C41A9B /* EAIntroView.h */,
				FAF4647D187935CB00C41A9B /* EAIntroView.m */,
			);
			path = EAIntroView;
			sourceTree = "<group>";
		};
		FA6E46C51879045800401921 /* Supporting Files */ = {
			isa = PBXGroup;
			children = (
				FA6E46C61879045800401921 /* EAIntroView-Info.plist */,
				FA6E46C71879045800401921 /* InfoPlist.strings */,
				FA6E46CA1879045800401921 /* EAIntroView-Prefix.pch */,
			);
			name = "Supporting Files";
			sourceTree = "<group>";
		};
		FA6E46D1187905F700401921 /* Classes */ = {
			isa = PBXGroup;
			children = (
				FAF464571879303D00C41A9B /* Libs */,
				FA6E46CE187905E800401921 /* OpenViewController.h */,
				FA6E46CF187905E800401921 /* OpenViewController.m */,
				FA6E46D21879062000401921 /* PrivateViewController.h */,
				FA6E46D31879062000401921 /* PrivateViewController.m */,
				FAF464801879361800C41A9B /* PageSubclass.h */,
				FAF464811879361800C41A9B /* PageSubclass.m */,
			);
			name = Classes;
			sourceTree = "<group>";
		};
		FAF464571879303D00C41A9B /* Libs */ = {
			isa = PBXGroup;
			children = (
				FAF464581879304D00C41A9B /* SMPageControl */,
			);
			name = Libs;
			sourceTree = "<group>";
		};
		FAF464581879304D00C41A9B /* SMPageControl */ = {
			isa = PBXGroup;
			children = (
				FAF464591879307000C41A9B /* SMPageControl.h */,
				FAF4645A1879307000C41A9B /* SMPageControl.m */,
			);
			name = SMPageControl;
			sourceTree = "<group>";
		};
/* End PBXGroup section */

/* Begin PBXHeadersBuildPhase section */
		FA6E46D51879076000401921 /* Headers */ = {
			isa = PBXHeadersBuildPhase;
			buildActionMask = 2147483647;
			files = (
				FAF4647A1879358700C41A9B /* EAIntroPage.h in Headers */,
				FAF464821879361800C41A9B /* PageSubclass.h in Headers */,
				FAF4647E187935CB00C41A9B /* EAIntroView.h in Headers */,
				FAF4645B1879307000C41A9B /* SMPageControl.h in Headers */,
				FA6E46D61879076D00401921 /* OpenViewController.h in Headers */,
			);
			runOnlyForDeploymentPostprocessing = 0;
		};
/* End PBXHeadersBuildPhase section */

/* Begin PBXNativeTarget section */
		FA6E46C01879045800401921 /* EAIntroView */ = {
			isa = PBXNativeTarget;
			buildConfigurationList = FA6E46CB1879045800401921 /* Build configuration list for PBXNativeTarget "EAIntroView" */;
			buildPhases = (
				FA6E46BD1879045800401921 /* Sources */,
				FA6E46BE1879045800401921 /* Frameworks */,
				FA6E46BF1879045800401921 /* Resources */,
				FA6E46D51879076000401921 /* Headers */,
			);
			buildRules = (
			);
			dependencies = (
			);
			name = EAIntroView;
			productName = EAIntroView;
			productReference = FA6E46C11879045800401921 /* EAIntroView.framework */;
			productType = "com.apple.product-type.bundle";
		};
/* End PBXNativeTarget section */

/* Begin PBXProject section */
		FA6E468C187903BC00401921 /* Project object */ = {
			isa = PBXProject;
			attributes = {
				LastUpgradeCheck = 0500;
				ORGANIZATIONNAME = "想当当";
			};
			buildConfigurationList = FA6E468F187903BC00401921 /* Build configuration list for PBXProject "EAIntroView" */;
			compatibilityVersion = "Xcode 3.2";
			developmentRegion = English;
			hasScannedForEncodings = 0;
			knownRegions = (
				en,
			);
			mainGroup = FA6E468B187903BC00401921;
			productRefGroup = FA6E4695187903BC00401921 /* Products */;
			projectDirPath = "";
			projectRoot = "";
			targets = (
				FA6E46C01879045800401921 /* EAIntroView */,
			);
		};
/* End PBXProject section */

/* Begin PBXResourcesBuildPhase section */
		FA6E46BF1879045800401921 /* Resources */ = {
			isa = PBXResourcesBuildPhase;
			buildActionMask = 2147483647;
			files = (
				FA6E46C91879045800401921 /* InfoPlist.strings in Resources */,
			);
			runOnlyForDeploymentPostprocessing = 0;
		};
/* End PBXResourcesBuildPhase section */

/* Begin PBXSourcesBuildPhase section */
		FA6E46BD1879045800401921 /* Sources */ = {
			isa = PBXSourcesBuildPhase;
			buildActionMask = 2147483647;
			files = (
				FAF4645C1879307000C41A9B /* SMPageControl.m in Sources */,
				FA6E46D41879062000401921 /* PrivateViewController.m in Sources */,
				FAF464831879361800C41A9B /* PageSubclass.m in Sources */,
				FA6E46D0187905E800401921 /* OpenViewController.m in Sources */,
				FAF4647B1879358700C41A9B /* EAIntroPage.m in Sources */,
				FAF4647F187935CB00C41A9B /* EAIntroView.m in Sources */,
			);
			runOnlyForDeploymentPostprocessing = 0;
		};
/* End PBXSourcesBuildPhase section */

/* Begin PBXVariantGroup section */
		FA6E46C71879045800401921 /* InfoPlist.strings */ = {
			isa = PBXVariantGroup;
			children = (
				FA6E46C81879045800401921 /* en */,
			);
			name = InfoPlist.strings;
			sourceTree = "<group>";
		};
/* End PBXVariantGroup section */

/* Begin XCBuildConfiguration section */
		FA6E46B5187903BC00401921 /* Debug */ = {
			isa = XCBuildConfiguration;
			buildSettings = {
				ALWAYS_SEARCH_USER_PATHS = NO;
				ARCHS = "$(ARCHS_STANDARD_INCLUDING_64_BIT)";
				CLANG_CXX_LANGUAGE_STANDARD = "gnu++0x";
				CLANG_CXX_LIBRARY = "libc++";
				CLANG_ENABLE_MODULES = YES;
				CLANG_ENABLE_OBJC_ARC = YES;
				CLANG_WARN_BOOL_CONVERSION = YES;
				CLANG_WARN_CONSTANT_CONVERSION = YES;
				CLANG_WARN_DIRECT_OBJC_ISA_USAGE = YES_ERROR;
				CLANG_WARN_EMPTY_BODY = YES;
				CLANG_WARN_ENUM_CONVERSION = YES;
				CLANG_WARN_INT_CONVERSION = YES;
				CLANG_WARN_OBJC_ROOT_CLASS = YES_ERROR;
				CLANG_WARN__DUPLICATE_METHOD_MATCH = YES;
				COPY_PHASE_STRIP = NO;
				GCC_C_LANGUAGE_STANDARD = gnu99;
				GCC_DYNAMIC_NO_PIC = NO;
				GCC_OPTIMIZATION_LEVEL = 0;
				GCC_PREPROCESSOR_DEFINITIONS = (
					"DEBUG=1",
					"$(inherited)",
				);
				GCC_SYMBOLS_PRIVATE_EXTERN = NO;
				GCC_WARN_64_TO_32_BIT_CONVERSION = YES;
				GCC_WARN_ABOUT_RETURN_TYPE = YES_ERROR;
				GCC_WARN_UNDECLARED_SELECTOR = YES;
				GCC_WARN_UNINITIALIZED_AUTOS = YES;
				GCC_WARN_UNUSED_FUNCTION = YES;
				GCC_WARN_UNUSED_VARIABLE = YES;
				IPHONEOS_DEPLOYMENT_TARGET = 7.0;
				ONLY_ACTIVE_ARCH = YES;
				SDKROOT = iphoneos;
			};
			name = Debug;
		};
		FA6E46B6187903BC00401921 /* Release */ = {
			isa = XCBuildConfiguration;
			buildSettings = {
				ALWAYS_SEARCH_USER_PATHS = NO;
				ARCHS = "$(ARCHS_STANDARD_INCLUDING_64_BIT)";
				CLANG_CXX_LANGUAGE_STANDARD = "gnu++0x";
				CLANG_CXX_LIBRARY = "libc++";
				CLANG_ENABLE_MODULES = YES;
				CLANG_ENABLE_OBJC_ARC = YES;
				CLANG_WARN_BOOL_CONVERSION = YES;
				CLANG_WARN_CONSTANT_CONVERSION = YES;
				CLANG_WARN_DIRECT_OBJC_ISA_USAGE = YES_ERROR;
				CLANG_WARN_EMPTY_BODY = YES;
				CLANG_WARN_ENUM_CONVERSION = YES;
				CLANG_WARN_INT_CONVERSION = YES;
				CLANG_WARN_OBJC_ROOT_CLASS = YES_ERROR;
				CLANG_WARN__DUPLICATE_METHOD_MATCH = YES;
				COPY_PHASE_STRIP = YES;
				ENABLE_NS_ASSERTIONS = NO;
				GCC_C_LANGUAGE_STANDARD = gnu99;
				GCC_WARN_64_TO_32_BIT_CONVERSION = YES;
				GCC_WARN_ABOUT_RETURN_TYPE = YES_ERROR;
				GCC_WARN_UNDECLARED_SELECTOR = YES;
				GCC_WARN_UNINITIALIZED_AUTOS = YES;
				GCC_WARN_UNUSED_FUNCTION = YES;
				GCC_WARN_UNUSED_VARIABLE = YES;
				IPHONEOS_DEPLOYMENT_TARGET = 7.0;
				SDKROOT = iphoneos;
				VALIDATE_PRODUCT = YES;
			};
			name = Release;
		};
		FA6E46CC1879045800401921 /* Debug */ = {
			isa = XCBuildConfiguration;
			buildSettings = {
				ARCHS = "$(ARCHS_STANDARD)";
				COMBINE_HIDPI_IMAGES = YES;
				DEAD_CODE_STRIPPING = NO;
				GCC_ENABLE_OBJC_EXCEPTIONS = YES;
				GCC_PRECOMPILE_PREFIX_HEADER = YES;
				GCC_PREFIX_HEADER = "EAIntroView/EAIntroView-Prefix.pch";
				GCC_PREPROCESSOR_DEFINITIONS = (
					"DEBUG=1",
					"$(inherited)",
				);
				INFOPLIST_FILE = "EAIntroView/EAIntroView-Info.plist";
				INSTALL_PATH = "$(LOCAL_LIBRARY_DIR)/Bundles";
				LINK_WITH_STANDARD_LIBRARIES = NO;
				MACH_O_TYPE = mh_object;
				MACOSX_DEPLOYMENT_TARGET = "";
				PRODUCT_NAME = "$(TARGET_NAME)";
				SDKROOT = iphoneos;
				TARGETED_DEVICE_FAMILY = "1,2";
				WRAPPER_EXTENSION = framework;
			};
			name = Debug;
		};
		FA6E46CD1879045800401921 /* Release */ = {
			isa = XCBuildConfiguration;
			buildSettings = {
				ARCHS = "$(ARCHS_STANDARD)";
				COMBINE_HIDPI_IMAGES = YES;
				DEAD_CODE_STRIPPING = NO;
				DEBUG_INFORMATION_FORMAT = "dwarf-with-dsym";
				GCC_ENABLE_OBJC_EXCEPTIONS = YES;
				GCC_PRECOMPILE_PREFIX_HEADER = YES;
				GCC_PREFIX_HEADER = "EAIntroView/EAIntroView-Prefix.pch";
				INFOPLIST_FILE = "EAIntroView/EAIntroView-Info.plist";
				INSTALL_PATH = "$(LOCAL_LIBRARY_DIR)/Bundles";
				LINK_WITH_STANDARD_LIBRARIES = NO;
				MACH_O_TYPE = mh_object;
				MACOSX_DEPLOYMENT_TARGET = "";
				PRODUCT_NAME = "$(TARGET_NAME)";
				SDKROOT = iphoneos;
				TARGETED_DEVICE_FAMILY = "1,2";
				WRAPPER_EXTENSION = framework;
			};
			name = Release;
		};
/* End XCBuildConfiguration section */

/* Begin XCConfigurationList section */
		FA6E468F187903BC00401921 /* Build configuration list for PBXProject "EAIntroView" */ = {
			isa = XCConfigurationList;
			buildConfigurations = (
				FA6E46B5187903BC00401921 /* Debug */,
				FA6E46B6187903BC00401921 /* Release */,
			);
			defaultConfigurationIsVisible = 0;
			defaultConfigurationName = Release;
		};
		FA6E46CB1879045800401921 /* Build configuration list for PBXNativeTarget "EAIntroView" */ = {
			isa = XCConfigurationList;
			buildConfigurations = (
				FA6E46CC1879045800401921 /* Debug */,
				FA6E46CD1879045800401921 /* Release */,
			);
			defaultConfigurationIsVisible = 0;
			defaultConfigurationName = Release;
		};
/* End XCConfigurationList section */
	};
	rootObject = FA6E468C187903BC00401921 /* Project object */;
}
