// !$*UTF8*$!
{
	archiveVersion = 1;
	classes = {
	};
	objectVersion = 46;
	objects = {

/* Begin PBXBuildFile section */
		FA026CEF183C5D3900179A16 /* AutoLayoutController.m in Sources */ = {isa = PBXBuildFile; fileRef = FA026CE6183C5D3900179A16 /* AutoLayoutController.m */; };
		FA026CF0183C5D3900179A16 /* IndexViewController.m in Sources */ = {isa = PBXBuildFile; fileRef = FA026CE8183C5D3900179A16 /* IndexViewController.m */; };
		FA026CF1183C5D3900179A16 /* ListViewController.m in Sources */ = {isa = PBXBuildFile; fileRef = FA026CEA183C5D3900179A16 /* ListViewController.m */; };
		FA026CF2183C5D3900179A16 /* NavController.m in Sources */ = {isa = PBXBuildFile; fileRef = FA026CEC183C5D3900179A16 /* NavController.m */; };
		FA026CF3183C5D3900179A16 /* WelComeViewController.m in Sources */ = {isa = PBXBuildFile; fileRef = FA026CEE183C5D3900179A16 /* WelComeViewController.m */; };
		FA1D6FF818248DC40056209C /* Students.m in Sources */ = {isa = PBXBuildFile; fileRef = FA1D6FF718248DC40056209C /* Students.m */; };
		FA8D1AA5182A2D6E00CEE868 /* JSONKit.m in Sources */ = {isa = PBXBuildFile; fileRef = FA8D1AA4182A2D6E00CEE868 /* JSONKit.m */; settings = {COMPILER_FLAGS = "-fno-objc-arc"; }; };
		FAC6497618291467005096AB /* UIColor+Hex.m in Sources */ = {isa = PBXBuildFile; fileRef = FAC6497518291467005096AB /* UIColor+Hex.m */; };
		FAD215211826028D0020F889 /* Circle.m in Sources */ = {isa = PBXBuildFile; fileRef = FAD215201826028D0020F889 /* Circle.m */; };
		FAF226051839EB6B00924B7F /* Default.png in Resources */ = {isa = PBXBuildFile; fileRef = FAF226021839EB6B00924B7F /* Default.png */; };
		FAF226061839EB6B00924B7F /* Default-568h@2x.png in Resources */ = {isa = PBXBuildFile; fileRef = FAF226031839EB6B00924B7F /* Default-568h@2x.png */; };
		FAF226071839EB6B00924B7F /* Default@2x.png in Resources */ = {isa = PBXBuildFile; fileRef = FAF226041839EB6B00924B7F /* Default@2x.png */; };
		FAF226481839F4A900924B7F /* 0.png in Resources */ = {isa = PBXBuildFile; fileRef = FAF226431839F4A900924B7F /* 0.png */; };
		FAF226491839F4A900924B7F /* 1.png in Resources */ = {isa = PBXBuildFile; fileRef = FAF226441839F4A900924B7F /* 1.png */; };
		FAF2264A1839F4A900924B7F /* 2.png in Resources */ = {isa = PBXBuildFile; fileRef = FAF226451839F4A900924B7F /* 2.png */; };
		FAF2264B1839F4A900924B7F /* 3.png in Resources */ = {isa = PBXBuildFile; fileRef = FAF226461839F4A900924B7F /* 3.png */; };
		FAF2264C1839F4A900924B7F /* 4.png in Resources */ = {isa = PBXBuildFile; fileRef = FAF226471839F4A900924B7F /* 4.png */; };
		FAFFA3E81822A38D009CB36D /* Foundation.framework in Frameworks */ = {isa = PBXBuildFile; fileRef = FAFFA3E71822A38D009CB36D /* Foundation.framework */; };
		FAFFA3EA1822A38D009CB36D /* CoreGraphics.framework in Frameworks */ = {isa = PBXBuildFile; fileRef = FAFFA3E91822A38D009CB36D /* CoreGraphics.framework */; };
		FAFFA3EC1822A38D009CB36D /* UIKit.framework in Frameworks */ = {isa = PBXBuildFile; fileRef = FAFFA3EB1822A38D009CB36D /* UIKit.framework */; };
		FAFFA3F21822A38D009CB36D /* InfoPlist.strings in Resources */ = {isa = PBXBuildFile; fileRef = FAFFA3F01822A38D009CB36D /* InfoPlist.strings */; };
		FAFFA3F41822A38D009CB36D /* main.m in Sources */ = {isa = PBXBuildFile; fileRef = FAFFA3F31822A38D009CB36D /* main.m */; };
		FAFFA3F81822A38D009CB36D /* AppDelegate.m in Sources */ = {isa = PBXBuildFile; fileRef = FAFFA3F71822A38D009CB36D /* AppDelegate.m */; };
		FAFFA3FA1822A38D009CB36D /* Images.xcassets in Resources */ = {isa = PBXBuildFile; fileRef = FAFFA3F91822A38D009CB36D /* Images.xcassets */; };
		FAFFA4011822A38D009CB36D /* XCTest.framework in Frameworks */ = {isa = PBXBuildFile; fileRef = FAFFA4001822A38D009CB36D /* XCTest.framework */; };
		FAFFA4021822A38D009CB36D /* Foundation.framework in Frameworks */ = {isa = PBXBuildFile; fileRef = FAFFA3E71822A38D009CB36D /* Foundation.framework */; };
		FAFFA4031822A38D009CB36D /* UIKit.framework in Frameworks */ = {isa = PBXBuildFile; fileRef = FAFFA3EB1822A38D009CB36D /* UIKit.framework */; };
		FAFFA40B1822A38D009CB36D /* InfoPlist.strings in Resources */ = {isa = PBXBuildFile; fileRef = FAFFA4091822A38D009CB36D /* InfoPlist.strings */; };
		FAFFA40D1822A38D009CB36D /* StartTests.m in Sources */ = {isa = PBXBuildFile; fileRef = FAFFA40C1822A38D009CB36D /* StartTests.m */; };
/* End PBXBuildFile section */

/* Begin PBXContainerItemProxy section */
		FAFFA4041822A38D009CB36D /* PBXContainerItemProxy */ = {
			isa = PBXContainerItemProxy;
			containerPortal = FAFFA3DC1822A38D009CB36D /* Project object */;
			proxyType = 1;
			remoteGlobalIDString = FAFFA3E31822A38D009CB36D;
			remoteInfo = Start;
		};
/* End PBXContainerItemProxy section */

/* Begin PBXFileReference section */
		FA026CE5183C5D3900179A16 /* AutoLayoutController.h */ = {isa = PBXFileReference; fileEncoding = 4; lastKnownFileType = sourcecode.c.h; path = AutoLayoutController.h; sourceTree = "<group>"; };
		FA026CE6183C5D3900179A16 /* AutoLayoutController.m */ = {isa = PBXFileReference; fileEncoding = 4; lastKnownFileType = sourcecode.c.objc; path = AutoLayoutController.m; sourceTree = "<group>"; };
		FA026CE7183C5D3900179A16 /* IndexViewController.h */ = {isa = PBXFileReference; fileEncoding = 4; lastKnownFileType = sourcecode.c.h; path = IndexViewController.h; sourceTree = "<group>"; };
		FA026CE8183C5D3900179A16 /* IndexViewController.m */ = {isa = PBXFileReference; fileEncoding = 4; lastKnownFileType = sourcecode.c.objc; path = IndexViewController.m; sourceTree = "<group>"; };
		FA026CE9183C5D3900179A16 /* ListViewController.h */ = {isa = PBXFileReference; fileEncoding = 4; lastKnownFileType = sourcecode.c.h; path = ListViewController.h; sourceTree = "<group>"; };
		FA026CEA183C5D3900179A16 /* ListViewController.m */ = {isa = PBXFileReference; fileEncoding = 4; lastKnownFileType = sourcecode.c.objc; path = ListViewController.m; sourceTree = "<group>"; };
		FA026CEB183C5D3900179A16 /* NavController.h */ = {isa = PBXFileReference; fileEncoding = 4; lastKnownFileType = sourcecode.c.h; path = NavController.h; sourceTree = "<group>"; };
		FA026CEC183C5D3900179A16 /* NavController.m */ = {isa = PBXFileReference; fileEncoding = 4; lastKnownFileType = sourcecode.c.objc; path = NavController.m; sourceTree = "<group>"; };
		FA026CED183C5D3900179A16 /* WelComeViewController.h */ = {isa = PBXFileReference; fileEncoding = 4; lastKnownFileType = sourcecode.c.h; path = WelComeViewController.h; sourceTree = "<group>"; };
		FA026CEE183C5D3900179A16 /* WelComeViewController.m */ = {isa = PBXFileReference; fileEncoding = 4; lastKnownFileType = sourcecode.c.objc; path = WelComeViewController.m; sourceTree = "<group>"; };
		FA1D6FF618248DC40056209C /* Students.h */ = {isa = PBXFileReference; fileEncoding = 4; lastKnownFileType = sourcecode.c.h; path = Students.h; sourceTree = "<group>"; };
		FA1D6FF718248DC40056209C /* Students.m */ = {isa = PBXFileReference; fileEncoding = 4; lastKnownFileType = sourcecode.c.objc; path = Students.m; sourceTree = "<group>"; };
		FA8D1AA3182A2D6E00CEE868 /* JSONKit.h */ = {isa = PBXFileReference; fileEncoding = 4; lastKnownFileType = sourcecode.c.h; path = JSONKit.h; sourceTree = "<group>"; };
		FA8D1AA4182A2D6E00CEE868 /* JSONKit.m */ = {isa = PBXFileReference; fileEncoding = 4; lastKnownFileType = sourcecode.c.objc; path = JSONKit.m; sourceTree = "<group>"; };
		FAC6497418291467005096AB /* UIColor+Hex.h */ = {isa = PBXFileReference; fileEncoding = 4; lastKnownFileType = sourcecode.c.h; path = "UIColor+Hex.h"; sourceTree = "<group>"; };
		FAC6497518291467005096AB /* UIColor+Hex.m */ = {isa = PBXFileReference; fileEncoding = 4; lastKnownFileType = sourcecode.c.objc; path = "UIColor+Hex.m"; sourceTree = "<group>"; };
		FAD2151F1826028D0020F889 /* Circle.h */ = {isa = PBXFileReference; fileEncoding = 4; lastKnownFileType = sourcecode.c.h; path = Circle.h; sourceTree = "<group>"; };
		FAD215201826028D0020F889 /* Circle.m */ = {isa = PBXFileReference; fileEncoding = 4; lastKnownFileType = sourcecode.c.objc; path = Circle.m; sourceTree = "<group>"; };
		FAF226021839EB6B00924B7F /* Default.png */ = {isa = PBXFileReference; lastKnownFileType = image.png; path = Default.png; sourceTree = "<group>"; };
		FAF226031839EB6B00924B7F /* Default-568h@2x.png */ = {isa = PBXFileReference; lastKnownFileType = image.png; path = "Default-568h@2x.png"; sourceTree = "<group>"; };
		FAF226041839EB6B00924B7F /* Default@2x.png */ = {isa = PBXFileReference; lastKnownFileType = image.png; path = "Default@2x.png"; sourceTree = "<group>"; };
		FAF226431839F4A900924B7F /* 0.png */ = {isa = PBXFileReference; lastKnownFileType = image.png; path = 0.png; sourceTree = "<group>"; };
		FAF226441839F4A900924B7F /* 1.png */ = {isa = PBXFileReference; lastKnownFileType = image.png; path = 1.png; sourceTree = "<group>"; };
		FAF226451839F4A900924B7F /* 2.png */ = {isa = PBXFileReference; lastKnownFileType = image.png; path = 2.png; sourceTree = "<group>"; };
		FAF226461839F4A900924B7F /* 3.png */ = {isa = PBXFileReference; lastKnownFileType = image.png; path = 3.png; sourceTree = "<group>"; };
		FAF226471839F4A900924B7F /* 4.png */ = {isa = PBXFileReference; lastKnownFileType = image.png; path = 4.png; sourceTree = "<group>"; };
		FAFFA3E41822A38D009CB36D /* Start.app */ = {isa = PBXFileReference; explicitFileType = wrapper.application; includeInIndex = 0; path = Start.app; sourceTree = BUILT_PRODUCTS_DIR; };
		FAFFA3E71822A38D009CB36D /* Foundation.framework */ = {isa = PBXFileReference; lastKnownFileType = wrapper.framework; name = Foundation.framework; path = System/Library/Frameworks/Foundation.framework; sourceTree = SDKROOT; };
		FAFFA3E91822A38D009CB36D /* CoreGraphics.framework */ = {isa = PBXFileReference; lastKnownFileType = wrapper.framework; name = CoreGraphics.framework; path = System/Library/Frameworks/CoreGraphics.framework; sourceTree = SDKROOT; };
		FAFFA3EB1822A38D009CB36D /* UIKit.framework */ = {isa = PBXFileReference; lastKnownFileType = wrapper.framework; name = UIKit.framework; path = System/Library/Frameworks/UIKit.framework; sourceTree = SDKROOT; };
		FAFFA3EF1822A38D009CB36D /* Start-Info.plist */ = {isa = PBXFileReference; lastKnownFileType = text.plist.xml; path = "Start-Info.plist"; sourceTree = "<group>"; };
		FAFFA3F11822A38D009CB36D /* en */ = {isa = PBXFileReference; lastKnownFileType = text.plist.strings; name = en; path = en.lproj/InfoPlist.strings; sourceTree = "<group>"; };
		FAFFA3F31822A38D009CB36D /* main.m */ = {isa = PBXFileReference; lastKnownFileType = sourcecode.c.objc; path = main.m; sourceTree = "<group>"; };
		FAFFA3F51822A38D009CB36D /* Start-Prefix.pch */ = {isa = PBXFileReference; lastKnownFileType = sourcecode.c.h; path = "Start-Prefix.pch"; sourceTree = "<group>"; };
		FAFFA3F61822A38D009CB36D /* AppDelegate.h */ = {isa = PBXFileReference; lastKnownFileType = sourcecode.c.h; path = AppDelegate.h; sourceTree = "<group>"; };
		FAFFA3F71822A38D009CB36D /* AppDelegate.m */ = {isa = PBXFileReference; lastKnownFileType = sourcecode.c.objc; path = AppDelegate.m; sourceTree = "<group>"; };
		FAFFA3F91822A38D009CB36D /* Images.xcassets */ = {isa = PBXFileReference; lastKnownFileType = folder.assetcatalog; path = Images.xcassets; sourceTree = "<group>"; };
		FAFFA3FF1822A38D009CB36D /* StartTests.xctest */ = {isa = PBXFileReference; explicitFileType = wrapper.cfbundle; includeInIndex = 0; path = StartTests.xctest; sourceTree = BUILT_PRODUCTS_DIR; };
		FAFFA4001822A38D009CB36D /* XCTest.framework */ = {isa = PBXFileReference; lastKnownFileType = wrapper.framework; name = XCTest.framework; path = Library/Frameworks/XCTest.framework; sourceTree = DEVELOPER_DIR; };
		FAFFA4081822A38D009CB36D /* StartTests-Info.plist */ = {isa = PBXFileReference; lastKnownFileType = text.plist.xml; path = "StartTests-Info.plist"; sourceTree = "<group>"; };
		FAFFA40A1822A38D009CB36D /* en */ = {isa = PBXFileReference; lastKnownFileType = text.plist.strings; name = en; path = en.lproj/InfoPlist.strings; sourceTree = "<group>"; };
		FAFFA40C1822A38D009CB36D /* StartTests.m */ = {isa = PBXFileReference; lastKnownFileType = sourcecode.c.objc; path = StartTests.m; sourceTree = "<group>"; };
/* End PBXFileReference section */

/* Begin PBXFrameworksBuildPhase section */
		FAFFA3E11822A38D009CB36D /* Frameworks */ = {
			isa = PBXFrameworksBuildPhase;
			buildActionMask = 2147483647;
			files = (
				FAFFA3EA1822A38D009CB36D /* CoreGraphics.framework in Frameworks */,
				FAFFA3EC1822A38D009CB36D /* UIKit.framework in Frameworks */,
				FAFFA3E81822A38D009CB36D /* Foundation.framework in Frameworks */,
			);
			runOnlyForDeploymentPostprocessing = 0;
		};
		FAFFA3FC1822A38D009CB36D /* Frameworks */ = {
			isa = PBXFrameworksBuildPhase;
			buildActionMask = 2147483647;
			files = (
				FAFFA4011822A38D009CB36D /* XCTest.framework in Frameworks */,
				FAFFA4031822A38D009CB36D /* UIKit.framework in Frameworks */,
				FAFFA4021822A38D009CB36D /* Foundation.framework in Frameworks */,
			);
			runOnlyForDeploymentPostprocessing = 0;
		};
/* End PBXFrameworksBuildPhase section */

/* Begin PBXGroup section */
		FA026CE4183C5D3900179A16 /* View Controllers */ = {
			isa = PBXGroup;
			children = (
				FA026CE5183C5D3900179A16 /* AutoLayoutController.h */,
				FA026CE6183C5D3900179A16 /* AutoLayoutController.m */,
				FA026CE7183C5D3900179A16 /* IndexViewController.h */,
				FA026CE8183C5D3900179A16 /* IndexViewController.m */,
				FA026CE9183C5D3900179A16 /* ListViewController.h */,
				FA026CEA183C5D3900179A16 /* ListViewController.m */,
				FA026CEB183C5D3900179A16 /* NavController.h */,
				FA026CEC183C5D3900179A16 /* NavController.m */,
				FA026CED183C5D3900179A16 /* WelComeViewController.h */,
				FA026CEE183C5D3900179A16 /* WelComeViewController.m */,
			);
			path = "View Controllers";
			sourceTree = "<group>";
		};
		FA1D6FF5182483350056209C /* Model */ = {
			isa = PBXGroup;
			children = (
				FA1D6FF618248DC40056209C /* Students.h */,
				FA1D6FF718248DC40056209C /* Students.m */,
				FAD2151F1826028D0020F889 /* Circle.h */,
				FAD215201826028D0020F889 /* Circle.m */,
			);
			name = Model;
			sourceTree = "<group>";
		};
		FA67106F18292CEB00E11177 /* Resources */ = {
			isa = PBXGroup;
			children = (
				FAF226011839EA2600924B7F /* images */,
				FA67107018292CF500E11177 /* Core Data */,
			);
			name = Resources;
			sourceTree = "<group>";
		};
		FA67107018292CF500E11177 /* Core Data */ = {
			isa = PBXGroup;
			children = (
			);
			name = "Core Data";
			sourceTree = "<group>";
		};
		FAC6496D182913AA005096AB /* Custom Classes */ = {
			isa = PBXGroup;
			children = (
				FAC6497418291467005096AB /* UIColor+Hex.h */,
				FAC6497518291467005096AB /* UIColor+Hex.m */,
				FA8D1AA3182A2D6E00CEE868 /* JSONKit.h */,
				FA8D1AA4182A2D6E00CEE868 /* JSONKit.m */,
			);
			name = "Custom Classes";
			sourceTree = "<group>";
		};
		FAF226011839EA2600924B7F /* images */ = {
			isa = PBXGroup;
			children = (
				FAF226431839F4A900924B7F /* 0.png */,
				FAF226441839F4A900924B7F /* 1.png */,
				FAF226451839F4A900924B7F /* 2.png */,
				FAF226461839F4A900924B7F /* 3.png */,
				FAF226471839F4A900924B7F /* 4.png */,
				FAF226021839EB6B00924B7F /* Default.png */,
				FAF226031839EB6B00924B7F /* Default-568h@2x.png */,
				FAF226041839EB6B00924B7F /* Default@2x.png */,
			);
			name = images;
			sourceTree = "<group>";
		};
		FAFFA3DB1822A38D009CB36D = {
			isa = PBXGroup;
			children = (
				FAFFA3ED1822A38D009CB36D /* Start */,
				FAFFA4061822A38D009CB36D /* StartTests */,
				FAFFA3E61822A38D009CB36D /* Frameworks */,
				FAFFA3E51822A38D009CB36D /* Products */,
			);
			sourceTree = "<group>";
		};
		FAFFA3E51822A38D009CB36D /* Products */ = {
			isa = PBXGroup;
			children = (
				FAFFA3E41822A38D009CB36D /* Start.app */,
				FAFFA3FF1822A38D009CB36D /* StartTests.xctest */,
			);
			name = Products;
			sourceTree = "<group>";
		};
		FAFFA3E61822A38D009CB36D /* Frameworks */ = {
			isa = PBXGroup;
			children = (
				FAFFA3E71822A38D009CB36D /* Foundation.framework */,
				FAFFA3E91822A38D009CB36D /* CoreGraphics.framework */,
				FAFFA3EB1822A38D009CB36D /* UIKit.framework */,
				FAFFA4001822A38D009CB36D /* XCTest.framework */,
			);
			name = Frameworks;
			sourceTree = "<group>";
		};
		FAFFA3ED1822A38D009CB36D /* Start */ = {
			isa = PBXGroup;
			children = (
				FA026CE4183C5D3900179A16 /* View Controllers */,
				FA67106F18292CEB00E11177 /* Resources */,
				FAC6496D182913AA005096AB /* Custom Classes */,
				FA1D6FF5182483350056209C /* Model */,
				FAFFA3F61822A38D009CB36D /* AppDelegate.h */,
				FAFFA3F71822A38D009CB36D /* AppDelegate.m */,
				FAFFA3F91822A38D009CB36D /* Images.xcassets */,
				FAFFA3EE1822A38D009CB36D /* Supporting Files */,
			);
			path = Start;
			sourceTree = "<group>";
		};
		FAFFA3EE1822A38D009CB36D /* Supporting Files */ = {
			isa = PBXGroup;
			children = (
				FAFFA3EF1822A38D009CB36D /* Start-Info.plist */,
				FAFFA3F01822A38D009CB36D /* InfoPlist.strings */,
				FAFFA3F31822A38D009CB36D /* main.m */,
				FAFFA3F51822A38D009CB36D /* Start-Prefix.pch */,
			);
			name = "Supporting Files";
			sourceTree = "<group>";
		};
		FAFFA4061822A38D009CB36D /* StartTests */ = {
			isa = PBXGroup;
			children = (
				FAFFA40C1822A38D009CB36D /* StartTests.m */,
				FAFFA4071822A38D009CB36D /* Supporting Files */,
			);
			path = StartTests;
			sourceTree = "<group>";
		};
		FAFFA4071822A38D009CB36D /* Supporting Files */ = {
			isa = PBXGroup;
			children = (
				FAFFA4081822A38D009CB36D /* StartTests-Info.plist */,
				FAFFA4091822A38D009CB36D /* InfoPlist.strings */,
			);
			name = "Supporting Files";
			sourceTree = "<group>";
		};
/* End PBXGroup section */

/* Begin PBXNativeTarget section */
		FAFFA3E31822A38D009CB36D /* Start */ = {
			isa = PBXNativeTarget;
			buildConfigurationList = FAFFA4101822A38D009CB36D /* Build configuration list for PBXNativeTarget "Start" */;
			buildPhases = (
				FAFFA3E01822A38D009CB36D /* Sources */,
				FAFFA3E11822A38D009CB36D /* Frameworks */,
				FAFFA3E21822A38D009CB36D /* Resources */,
			);
			buildRules = (
			);
			dependencies = (
			);
			name = Start;
			productName = Start;
			productReference = FAFFA3E41822A38D009CB36D /* Start.app */;
			productType = "com.apple.product-type.application";
		};
		FAFFA3FE1822A38D009CB36D /* StartTests */ = {
			isa = PBXNativeTarget;
			buildConfigurationList = FAFFA4131822A38D009CB36D /* Build configuration list for PBXNativeTarget "StartTests" */;
			buildPhases = (
				FAFFA3FB1822A38D009CB36D /* Sources */,
				FAFFA3FC1822A38D009CB36D /* Frameworks */,
				FAFFA3FD1822A38D009CB36D /* Resources */,
			);
			buildRules = (
			);
			dependencies = (
				FAFFA4051822A38D009CB36D /* PBXTargetDependency */,
			);
			name = StartTests;
			productName = StartTests;
			productReference = FAFFA3FF1822A38D009CB36D /* StartTests.xctest */;
			productType = "com.apple.product-type.bundle.unit-test";
		};
/* End PBXNativeTarget section */

/* Begin PBXProject section */
		FAFFA3DC1822A38D009CB36D /* Project object */ = {
			isa = PBXProject;
			attributes = {
				LastUpgradeCheck = 0500;
				ORGANIZATIONNAME = "想当当";
				TargetAttributes = {
					FAFFA3FE1822A38D009CB36D = {
						TestTargetID = FAFFA3E31822A38D009CB36D;
					};
				};
			};
			buildConfigurationList = FAFFA3DF1822A38D009CB36D /* Build configuration list for PBXProject "Start" */;
			compatibilityVersion = "Xcode 3.2";
			developmentRegion = English;
			hasScannedForEncodings = 0;
			knownRegions = (
				en,
			);
			mainGroup = FAFFA3DB1822A38D009CB36D;
			productRefGroup = FAFFA3E51822A38D009CB36D /* Products */;
			projectDirPath = "";
			projectRoot = "";
			targets = (
				FAFFA3E31822A38D009CB36D /* Start */,
				FAFFA3FE1822A38D009CB36D /* StartTests */,
			);
		};
/* End PBXProject section */

/* Begin PBXResourcesBuildPhase section */
		FAFFA3E21822A38D009CB36D /* Resources */ = {
			isa = PBXResourcesBuildPhase;
			buildActionMask = 2147483647;
			files = (
				FAF226481839F4A900924B7F /* 0.png in Resources */,
				FAFFA3F21822A38D009CB36D /* InfoPlist.strings in Resources */,
				FAF2264A1839F4A900924B7F /* 2.png in Resources */,
				FAF2264B1839F4A900924B7F /* 3.png in Resources */,
				FAF226061839EB6B00924B7F /* Default-568h@2x.png in Resources */,
				FAF226071839EB6B00924B7F /* Default@2x.png in Resources */,
				FAF226051839EB6B00924B7F /* Default.png in Resources */,
				FAFFA3FA1822A38D009CB36D /* Images.xcassets in Resources */,
				FAF2264C1839F4A900924B7F /* 4.png in Resources */,
				FAF226491839F4A900924B7F /* 1.png in Resources */,
			);
			runOnlyForDeploymentPostprocessing = 0;
		};
		FAFFA3FD1822A38D009CB36D /* Resources */ = {
			isa = PBXResourcesBuildPhase;
			buildActionMask = 2147483647;
			files = (
				FAFFA40B1822A38D009CB36D /* InfoPlist.strings in Resources */,
			);
			runOnlyForDeploymentPostprocessing = 0;
		};
/* End PBXResourcesBuildPhase section */

/* Begin PBXSourcesBuildPhase section */
		FAFFA3E01822A38D009CB36D /* Sources */ = {
			isa = PBXSourcesBuildPhase;
			buildActionMask = 2147483647;
			files = (
				FAFFA3F81822A38D009CB36D /* AppDelegate.m in Sources */,
				FA1D6FF818248DC40056209C /* Students.m in Sources */,
				FA026CF1183C5D3900179A16 /* ListViewController.m in Sources */,
				FAFFA3F41822A38D009CB36D /* main.m in Sources */,
				FAD215211826028D0020F889 /* Circle.m in Sources */,
				FAC6497618291467005096AB /* UIColor+Hex.m in Sources */,
				FA8D1AA5182A2D6E00CEE868 /* JSONKit.m in Sources */,
				FA026CF2183C5D3900179A16 /* NavController.m in Sources */,
				FA026CEF183C5D3900179A16 /* AutoLayoutController.m in Sources */,
				FA026CF0183C5D3900179A16 /* IndexViewController.m in Sources */,
				FA026CF3183C5D3900179A16 /* WelComeViewController.m in Sources */,
			);
			runOnlyForDeploymentPostprocessing = 0;
		};
		FAFFA3FB1822A38D009CB36D /* Sources */ = {
			isa = PBXSourcesBuildPhase;
			buildActionMask = 2147483647;
			files = (
				FAFFA40D1822A38D009CB36D /* StartTests.m in Sources */,
			);
			runOnlyForDeploymentPostprocessing = 0;
		};
/* End PBXSourcesBuildPhase section */

/* Begin PBXTargetDependency section */
		FAFFA4051822A38D009CB36D /* PBXTargetDependency */ = {
			isa = PBXTargetDependency;
			target = FAFFA3E31822A38D009CB36D /* Start */;
			targetProxy = FAFFA4041822A38D009CB36D /* PBXContainerItemProxy */;
		};
/* End PBXTargetDependency section */

/* Begin PBXVariantGroup section */
		FAFFA3F01822A38D009CB36D /* InfoPlist.strings */ = {
			isa = PBXVariantGroup;
			children = (
				FAFFA3F11822A38D009CB36D /* en */,
			);
			name = InfoPlist.strings;
			sourceTree = "<group>";
		};
		FAFFA4091822A38D009CB36D /* InfoPlist.strings */ = {
			isa = PBXVariantGroup;
			children = (
				FAFFA40A1822A38D009CB36D /* en */,
			);
			name = InfoPlist.strings;
			sourceTree = "<group>";
		};
/* End PBXVariantGroup section */

/* Begin XCBuildConfiguration section */
		FAFFA40E1822A38D009CB36D /* Debug */ = {
			isa = XCBuildConfiguration;
			buildSettings = {
				ALWAYS_SEARCH_USER_PATHS = NO;
				ARCHS = "$(ARCHS_STANDARD_INCLUDING_64_BIT)";
				CLANG_CXX_LANGUAGE_STANDARD = "gnu++0x";
				CLANG_CXX_LIBRARY = "libc++";
				CLANG_ENABLE_MODULES = YES;
				CLANG_ENABLE_OBJC_ARC = YES;
				CLANG_WARN_BOOL_CONVERSION = YES;
				CLANG_WARN_CONSTANT_CONVERSION = YES;
				CLANG_WARN_DIRECT_OBJC_ISA_USAGE = YES_ERROR;
				CLANG_WARN_EMPTY_BODY = YES;
				CLANG_WARN_ENUM_CONVERSION = YES;
				CLANG_WARN_INT_CONVERSION = YES;
				CLANG_WARN_OBJC_ROOT_CLASS = YES_ERROR;
				CLANG_WARN__DUPLICATE_METHOD_MATCH = YES;
				"CODE_SIGN_IDENTITY[sdk=iphoneos*]" = "iPhone Developer";
				COPY_PHASE_STRIP = NO;
				GCC_C_LANGUAGE_STANDARD = gnu99;
				GCC_DYNAMIC_NO_PIC = NO;
				GCC_OPTIMIZATION_LEVEL = 0;
				GCC_PREPROCESSOR_DEFINITIONS = (
					"DEBUG=1",
					"$(inherited)",
				);
				GCC_SYMBOLS_PRIVATE_EXTERN = NO;
				GCC_WARN_64_TO_32_BIT_CONVERSION = YES;
				GCC_WARN_ABOUT_RETURN_TYPE = YES_ERROR;
				GCC_WARN_UNDECLARED_SELECTOR = YES;
				GCC_WARN_UNINITIALIZED_AUTOS = YES;
				GCC_WARN_UNUSED_FUNCTION = YES;
				GCC_WARN_UNUSED_VARIABLE = YES;
				IPHONEOS_DEPLOYMENT_TARGET = 7.0;
				ONLY_ACTIVE_ARCH = YES;
				SDKROOT = iphoneos;
				TARGETED_DEVICE_FAMILY = "1,2";
			};
			name = Debug;
		};
		FAFFA40F1822A38D009CB36D /* Release */ = {
			isa = XCBuildConfiguration;
			buildSettings = {
				ALWAYS_SEARCH_USER_PATHS = NO;
				ARCHS = "$(ARCHS_STANDARD_INCLUDING_64_BIT)";
				CLANG_CXX_LANGUAGE_STANDARD = "gnu++0x";
				CLANG_CXX_LIBRARY = "libc++";
				CLANG_ENABLE_MODULES = YES;
				CLANG_ENABLE_OBJC_ARC = YES;
				CLANG_WARN_BOOL_CONVERSION = YES;
				CLANG_WARN_CONSTANT_CONVERSION = YES;
				CLANG_WARN_DIRECT_OBJC_ISA_USAGE = YES_ERROR;
				CLANG_WARN_EMPTY_BODY = YES;
				CLANG_WARN_ENUM_CONVERSION = YES;
				CLANG_WARN_INT_CONVERSION = YES;
				CLANG_WARN_OBJC_ROOT_CLASS = YES_ERROR;
				CLANG_WARN__DUPLICATE_METHOD_MATCH = YES;
				"CODE_SIGN_IDENTITY[sdk=iphoneos*]" = "iPhone Developer";
				COPY_PHASE_STRIP = YES;
				ENABLE_NS_ASSERTIONS = NO;
				GCC_C_LANGUAGE_STANDARD = gnu99;
				GCC_WARN_64_TO_32_BIT_CONVERSION = YES;
				GCC_WARN_ABOUT_RETURN_TYPE = YES_ERROR;
				GCC_WARN_UNDECLARED_SELECTOR = YES;
				GCC_WARN_UNINITIALIZED_AUTOS = YES;
				GCC_WARN_UNUSED_FUNCTION = YES;
				GCC_WARN_UNUSED_VARIABLE = YES;
				IPHONEOS_DEPLOYMENT_TARGET = 7.0;
				SDKROOT = iphoneos;
				TARGETED_DEVICE_FAMILY = "1,2";
				VALIDATE_PRODUCT = YES;
			};
			name = Release;
		};
		FAFFA4111822A38D009CB36D /* Debug */ = {
			isa = XCBuildConfiguration;
			buildSettings = {
				ASSETCATALOG_COMPILER_APPICON_NAME = AppIcon;
				ASSETCATALOG_COMPILER_LAUNCHIMAGE_NAME = LaunchImage;
				GCC_PRECOMPILE_PREFIX_HEADER = YES;
				GCC_PREFIX_HEADER = "Start/Start-Prefix.pch";
				INFOPLIST_FILE = "Start/Start-Info.plist";
				PRODUCT_NAME = "$(TARGET_NAME)";
				WRAPPER_EXTENSION = app;
			};
			name = Debug;
		};
		FAFFA4121822A38D009CB36D /* Release */ = {
			isa = XCBuildConfiguration;
			buildSettings = {
				ASSETCATALOG_COMPILER_APPICON_NAME = AppIcon;
				ASSETCATALOG_COMPILER_LAUNCHIMAGE_NAME = LaunchImage;
				GCC_PRECOMPILE_PREFIX_HEADER = YES;
				GCC_PREFIX_HEADER = "Start/Start-Prefix.pch";
				INFOPLIST_FILE = "Start/Start-Info.plist";
				PRODUCT_NAME = "$(TARGET_NAME)";
				WRAPPER_EXTENSION = app;
			};
			name = Release;
		};
		FAFFA4141822A38D009CB36D /* Debug */ = {
			isa = XCBuildConfiguration;
			buildSettings = {
				ARCHS = "$(ARCHS_STANDARD_INCLUDING_64_BIT)";
				BUNDLE_LOADER = "$(BUILT_PRODUCTS_DIR)/Start.app/Start";
				FRAMEWORK_SEARCH_PATHS = (
					"$(SDKROOT)/Developer/Library/Frameworks",
					"$(inherited)",
					"$(DEVELOPER_FRAMEWORKS_DIR)",
				);
				GCC_PRECOMPILE_PREFIX_HEADER = YES;
				GCC_PREFIX_HEADER = "Start/Start-Prefix.pch";
				GCC_PREPROCESSOR_DEFINITIONS = (
					"DEBUG=1",
					"$(inherited)",
				);
				INFOPLIST_FILE = "StartTests/StartTests-Info.plist";
				PRODUCT_NAME = "$(TARGET_NAME)";
				TEST_HOST = "$(BUNDLE_LOADER)";
				WRAPPER_EXTENSION = xctest;
			};
			name = Debug;
		};
		FAFFA4151822A38D009CB36D /* Release */ = {
			isa = XCBuildConfiguration;
			buildSettings = {
				ARCHS = "$(ARCHS_STANDARD_INCLUDING_64_BIT)";
				BUNDLE_LOADER = "$(BUILT_PRODUCTS_DIR)/Start.app/Start";
				FRAMEWORK_SEARCH_PATHS = (
					"$(SDKROOT)/Developer/Library/Frameworks",
					"$(inherited)",
					"$(DEVELOPER_FRAMEWORKS_DIR)",
				);
				GCC_PRECOMPILE_PREFIX_HEADER = YES;
				GCC_PREFIX_HEADER = "Start/Start-Prefix.pch";
				INFOPLIST_FILE = "StartTests/StartTests-Info.plist";
				PRODUCT_NAME = "$(TARGET_NAME)";
				TEST_HOST = "$(BUNDLE_LOADER)";
				WRAPPER_EXTENSION = xctest;
			};
			name = Release;
		};
/* End XCBuildConfiguration section */

/* Begin XCConfigurationList section */
		FAFFA3DF1822A38D009CB36D /* Build configuration list for PBXProject "Start" */ = {
			isa = XCConfigurationList;
			buildConfigurations = (
				FAFFA40E1822A38D009CB36D /* Debug */,
				FAFFA40F1822A38D009CB36D /* Release */,
			);
			defaultConfigurationIsVisible = 0;
			defaultConfigurationName = Release;
		};
		FAFFA4101822A38D009CB36D /* Build configuration list for PBXNativeTarget "Start" */ = {
			isa = XCConfigurationList;
			buildConfigurations = (
				FAFFA4111822A38D009CB36D /* Debug */,
				FAFFA4121822A38D009CB36D /* Release */,
			);
			defaultConfigurationIsVisible = 0;
			defaultConfigurationName = Release;
		};
		FAFFA4131822A38D009CB36D /* Build configuration list for PBXNativeTarget "StartTests" */ = {
			isa = XCConfigurationList;
			buildConfigurations = (
				FAFFA4141822A38D009CB36D /* Debug */,
				FAFFA4151822A38D009CB36D /* Release */,
			);
			defaultConfigurationIsVisible = 0;
			defaultConfigurationName = Release;
		};
/* End XCConfigurationList section */
	};
	rootObject = FAFFA3DC1822A38D009CB36D /* Project object */;
}
